
Microsoft Visual Studio Solution File, Format Version 12.00
# Visual Studio 2013
VisualStudioVersion = 12.0.31101.0
MinimumVisualStudioVersion = 10.0.40219.1
Project("{FAE04EC0-301F-11D3-BF4B-00C04F79EFBC}") = "TroW", "TroW\TroW.csproj", "{355C4F06-385B-4C5F-983C-BB858C760070}"
	ProjectSection(ProjectDependencies) = postProject
		{3FFC8787-6496-48AE-9C84-C5B33FB6ABF7} = {3FFC8787-6496-48AE-9C84-C5B33FB6ABF7}
	EndProjectSection
EndProject
Project("{FAE04EC0-301F-11D3-BF4B-00C04F79EFBC}") = "Core", "Core\Core.csproj", "{7D25C7D6-0322-4A08-A94D-536F36C4CD78}"
EndProject
Project("{FAE04EC0-301F-11D3-BF4B-00C04F79EFBC}") = "DatabaseContext", "DatabaseContext\DatabaseContext.csproj", "{A3D9B130-34F7-43CA-B354-BB1AC51FC1A7}"
EndProject
Project("{FAE04EC0-301F-11D3-BF4B-00C04F79EFBC}") = "Services", "Services\Services.csproj", "{3FFC8787-6496-48AE-9C84-C5B33FB6ABF7}"
	ProjectSection(ProjectDependencies) = postProject
		{A3D9B130-34F7-43CA-B354-BB1AC51FC1A7} = {A3D9B130-34F7-43CA-B354-BB1AC51FC1A7}
		{7D25C7D6-0322-4A08-A94D-536F36C4CD78} = {7D25C7D6-0322-4A08-A94D-536F36C4CD78}
	EndProjectSection
EndProject
Global
	GlobalSection(SolutionConfigurationPlatforms) = preSolution
		Debug|Any CPU = Debug|Any CPU
		Release|Any CPU = Release|Any CPU
		trow|Any CPU = trow|Any CPU
	EndGlobalSection
	GlobalSection(ProjectConfigurationPlatforms) = postSolution
		{355C4F06-385B-4C5F-983C-BB858C760070}.Debug|Any CPU.ActiveCfg = Release|Any CPU
		{355C4F06-385B-4C5F-983C-BB858C760070}.Debug|Any CPU.Build.0 = Release|Any CPU
		{355C4F06-385B-4C5F-983C-BB858C760070}.Debug|Any CPU.Deploy.0 = Release|Any CPU
		{355C4F06-385B-4C5F-983C-BB858C760070}.Release|Any CPU.ActiveCfg = Release|Any CPU
		{355C4F06-385B-4C5F-983C-BB858C760070}.Release|Any CPU.Build.0 = Release|Any CPU
		{355C4F06-385B-4C5F-983C-BB858C760070}.trow|Any CPU.ActiveCfg = trow|Any CPU
		{355C4F06-385B-4C5F-983C-BB858C760070}.trow|Any CPU.Build.0 = trow|Any CPU
		{7D25C7D6-0322-4A08-A94D-536F36C4CD78}.Debug|Any CPU.ActiveCfg = Release|Any CPU
		{7D25C7D6-0322-4A08-A94D-536F36C4CD78}.Debug|Any CPU.Build.0 = Release|Any CPU
		{7D25C7D6-0322-4A08-A94D-536F36C4CD78}.Release|Any CPU.ActiveCfg = Release|Any CPU
		{7D25C7D6-0322-4A08-A94D-536F36C4CD78}.Release|Any CPU.Build.0 = Release|Any CPU
		{7D25C7D6-0322-4A08-A94D-536F36C4CD78}.Release|Any CPU.Deploy.0 = Release|Any CPU
		{7D25C7D6-0322-4A08-A94D-536F36C4CD78}.trow|Any CPU.ActiveCfg = trow|Any CPU
		{7D25C7D6-0322-4A08-A94D-536F36C4CD78}.trow|Any CPU.Build.0 = trow|Any CPU
		{7D25C7D6-0322-4A08-A94D-536F36C4CD78}.trow|Any CPU.Deploy.0 = trow|Any CPU
		{A3D9B130-34F7-43CA-B354-BB1AC51FC1A7}.Debug|Any CPU.ActiveCfg = Release|Any CPU
		{A3D9B130-34F7-43CA-B354-BB1AC51FC1A7}.Debug|Any CPU.Build.0 = Release|Any CPU
		{A3D9B130-34F7-43CA-B354-BB1AC51FC1A7}.Release|Any CPU.ActiveCfg = Release|Any CPU
		{A3D9B130-34F7-43CA-B354-BB1AC51FC1A7}.Release|Any CPU.Build.0 = Release|Any CPU
		{A3D9B130-34F7-43CA-B354-BB1AC51FC1A7}.trow|Any CPU.ActiveCfg = trow|Any CPU
		{A3D9B130-34F7-43CA-B354-BB1AC51FC1A7}.trow|Any CPU.Build.0 = trow|Any CPU
		{3FFC8787-6496-48AE-9C84-C5B33FB6ABF7}.Debug|Any CPU.ActiveCfg = Release|Any CPU
		{3FFC8787-6496-48AE-9C84-C5B33FB6ABF7}.Debug|Any CPU.Build.0 = Release|Any CPU
		{3FFC8787-6496-48AE-9C84-C5B33FB6ABF7}.Release|Any CPU.ActiveCfg = Release|Any CPU
		{3FFC8787-6496-48AE-9C84-C5B33FB6ABF7}.Release|Any CPU.Build.0 = Release|Any CPU
		{3FFC8787-6496-48AE-9C84-C5B33FB6ABF7}.trow|Any CPU.ActiveCfg = trow|Any CPU
		{3FFC8787-6496-48AE-9C84-C5B33FB6ABF7}.trow|Any CPU.Build.0 = trow|Any CPU
	EndGlobalSection
	GlobalSection(SolutionProperties) = preSolution
		HideSolutionNode = FALSE
	EndGlobalSection
EndGlobal
